
Microsoft Visual Studio Solution File, Format Version 12.00
# Visual Studio Version 16
VisualStudioVersion = 16.0.31205.134
MinimumVisualStudioVersion = 10.0.40219.1
Project("{FAE04EC0-301F-11D3-BF4B-00C04F79EFBC}") = "PostgreSql.DataAccess", "PostgreSql.DataAccess\PostgreSql.DataAccess.csproj", "{B33F839E-CC28-4D1C-AD5B-229045D5E8C5}"
EndProject
Project("{FAE04EC0-301F-11D3-BF4B-00C04F79EFBC}") = "PostgreSql.Business", "PostgreSql.Business\PostgreSql.Business.csproj", "{CF5BDD64-FDDE-46D7-9AB8-52B5F30E295C}"
EndProject
Project("{FAE04EC0-301F-11D3-BF4B-00C04F79EFBC}") = "PostgreSql.Entities", "PostgreSql.Entities\PostgreSql.Entities.csproj", "{AA19D53C-4BF2-4C4E-953D-E735B25856EA}"
EndProject
Project("{FAE04EC0-301F-11D3-BF4B-00C04F79EFBC}") = "PostgreSql.Core", "PostgreSql.Core\PostgreSql.Core.csproj", "{D76C9AF6-ED00-4306-92DB-48A73DBCEC7A}"
EndProject
Project("{FAE04EC0-301F-11D3-BF4B-00C04F79EFBC}") = "PostgreSql.API", "PostgreSql.API\PostgreSql.API.csproj", "{9DA4EDD3-B648-4C23-A6D9-855F2AE3E87D}"
EndProject
Global
	GlobalSection(SolutionConfigurationPlatforms) = preSolution
		Debug|Any CPU = Debug|Any CPU
		Release|Any CPU = Release|Any CPU
	EndGlobalSection
	GlobalSection(ProjectConfigurationPlatforms) = postSolution
		{B33F839E-CC28-4D1C-AD5B-229045D5E8C5}.Debug|Any CPU.ActiveCfg = Debug|Any CPU
		{B33F839E-CC28-4D1C-AD5B-229045D5E8C5}.Debug|Any CPU.Build.0 = Debug|Any CPU
		{B33F839E-CC28-4D1C-AD5B-229045D5E8C5}.Release|Any CPU.ActiveCfg = Release|Any CPU
		{B33F839E-CC28-4D1C-AD5B-229045D5E8C5}.Release|Any CPU.Build.0 = Release|Any CPU
		{CF5BDD64-FDDE-46D7-9AB8-52B5F30E295C}.Debug|Any CPU.ActiveCfg = Debug|Any CPU
		{CF5BDD64-FDDE-46D7-9AB8-52B5F30E295C}.Debug|Any CPU.Build.0 = Debug|Any CPU
		{CF5BDD64-FDDE-46D7-9AB8-52B5F30E295C}.Release|Any CPU.ActiveCfg = Release|Any CPU
		{CF5BDD64-FDDE-46D7-9AB8-52B5F30E295C}.Release|Any CPU.Build.0 = Release|Any CPU
		{AA19D53C-4BF2-4C4E-953D-E735B25856EA}.Debug|Any CPU.ActiveCfg = Debug|Any CPU
		{AA19D53C-4BF2-4C4E-953D-E735B25856EA}.Debug|Any CPU.Build.0 = Debug|Any CPU
		{AA19D53C-4BF2-4C4E-953D-E735B25856EA}.Release|Any CPU.ActiveCfg = Release|Any CPU
		{AA19D53C-4BF2-4C4E-953D-E735B25856EA}.Release|Any CPU.Build.0 = Release|Any CPU
		{D76C9AF6-ED00-4306-92DB-48A73DBCEC7A}.Debug|Any CPU.ActiveCfg = Debug|Any CPU
		{D76C9AF6-ED00-4306-92DB-48A73DBCEC7A}.Debug|Any CPU.Build.0 = Debug|Any CPU
		{D76C9AF6-ED00-4306-92DB-48A73DBCEC7A}.Release|Any CPU.ActiveCfg = Release|Any CPU
		{D76C9AF6-ED00-4306-92DB-48A73DBCEC7A}.Release|Any CPU.Build.0 = Release|Any CPU
		{9DA4EDD3-B648-4C23-A6D9-855F2AE3E87D}.Debug|Any CPU.ActiveCfg = Debug|Any CPU
		{9DA4EDD3-B648-4C23-A6D9-855F2AE3E87D}.Debug|Any CPU.Build.0 = Debug|Any CPU
		{9DA4EDD3-B648-4C23-A6D9-855F2AE3E87D}.Release|Any CPU.ActiveCfg = Release|Any CPU
		{9DA4EDD3-B648-4C23-A6D9-855F2AE3E87D}.Release|Any CPU.Build.0 = Release|Any CPU
	EndGlobalSection
	GlobalSection(SolutionProperties) = preSolution
		HideSolutionNode = FALSE
	EndGlobalSection
	GlobalSection(ExtensibilityGlobals) = postSolution
		SolutionGuid = {9F233AE8-AF04-4A61-B387-288564DEDCFB}
	EndGlobalSection
EndGlobal
